
Microsoft Visual Studio Solution File, Format Version 12.00
# Visual Studio Version 17
VisualStudioVersion = 17.5.002.0
MinimumVisualStudioVersion = 10.0.40219.1
Project("{9A19103F-16F7-4668-BE54-9A1E7A4F7556}") = "HangfireDemo", "HangfireDemo\HangfireDemo.csproj", "{618C73A4-0295-49FC-9971-5F07A7A2E8C0}"
EndProject
Global
	GlobalSection(SolutionConfigurationPlatforms) = preSolution
		Debug|Any CPU = Debug|Any CPU
		Release|Any CPU = Release|Any CPU
	EndGlobalSection
	GlobalSection(ProjectConfigurationPlatforms) = postSolution
		{618C73A4-0295-49FC-9971-5F07A7A2E8C0}.Debug|Any CPU.ActiveCfg = Debug|Any CPU
		{618C73A4-0295-49FC-9971-5F07A7A2E8C0}.Debug|Any CPU.Build.0 = Debug|Any CPU
		{618C73A4-0295-49FC-9971-5F07A7A2E8C0}.Release|Any CPU.ActiveCfg = Release|Any CPU
		{618C73A4-0295-49FC-9971-5F07A7A2E8C0}.Release|Any CPU.Build.0 = Release|Any CPU
	EndGlobalSection
	GlobalSection(SolutionProperties) = preSolution
		HideSolutionNode = FALSE
	EndGlobalSection
	GlobalSection(ExtensibilityGlobals) = postSolution
		SolutionGuid = {6477C523-958A-4B8E-9C23-481414F13410}
	EndGlobalSection
EndGlobal
